
Microsoft Visual Studio Solution File, Format Version 12.00
# Visual Studio 15
VisualStudioVersion = 15.0.27130.2010
MinimumVisualStudioVersion = 10.0.40219.1
Project("{2150E333-8FDC-42A3-9474-1A3956D46DE8}") = "StructureMap", "StructureMap", "{3E4E9745-AA82-4164-AD84-1DA26CA38270}"
EndProject
Project("{FAE04EC0-301F-11D3-BF4B-00C04F79EFBC}") = "StrcutureMap.Tests", "StrcutureMap.Tests\StrcutureMap.Tests.csproj", "{D5B282AA-203A-4A36-A138-3CD0F20C3A52}"
EndProject
Project("{FAE04EC0-301F-11D3-BF4B-00C04F79EFBC}") = "StructureMap.Sample", "StructureMap.Sample\StructureMap.Sample.csproj", "{8CA456D6-FDFE-42D8-9139-78294EA8F413}"
EndProject
Project("{FAE04EC0-301F-11D3-BF4B-00C04F79EFBC}") = "StructureMap.ConsoleApp", "StructureMap.ConsoleApp\StructureMap.ConsoleApp.csproj", "{B0FC7C45-2E87-4BB6-8C9D-90DD085FE66D}"
EndProject
Project("{2150E333-8FDC-42A3-9474-1A3956D46DE8}") = "Bad", "Bad", "{258FA735-743E-4D28-8C7B-C9427E7FDA3A}"
EndProject
Project("{FAE04EC0-301F-11D3-BF4B-00C04F79EFBC}") = "Coupling.Sample", "Coupling.Sample\Coupling.Sample.csproj", "{861B7F66-273C-4C07-A3BB-5826F5EBC6DC}"
EndProject
Project("{2150E333-8FDC-42A3-9474-1A3956D46DE8}") = "nTier.Sample", "nTier.Sample", "{AF338BF3-FD07-4863-911A-E7A25F21300D}"
EndProject
Project("{FAE04EC0-301F-11D3-BF4B-00C04F79EFBC}") = "Bad.BussinessLayer", "BussinessLayer\Bad.BussinessLayer.csproj", "{EFBFA134-D382-48BE-83FD-3539E04DF673}"
EndProject
Project("{FAE04EC0-301F-11D3-BF4B-00C04F79EFBC}") = "Bad.DataAccessLayer", "DataAccessLayer\Bad.DataAccessLayer.csproj", "{C0FF2FD5-E616-4D2B-AE0E-062DB50C9F39}"
EndProject
Project("{FAE04EC0-301F-11D3-BF4B-00C04F79EFBC}") = "Bad.PresentationLayer", "PresentationLayer\Bad.PresentationLayer.csproj", "{0DAFF212-0143-491F-927B-DFCCDE8EEFE3}"
EndProject
Project("{2150E333-8FDC-42A3-9474-1A3956D46DE8}") = "Good", "Good", "{A2732E63-C978-4F87-8F34-152681373967}"
EndProject
Project("{2150E333-8FDC-42A3-9474-1A3956D46DE8}") = "nTier.Sample", "nTier.Sample", "{42F008C2-69FB-4176-8798-94414796E30D}"
EndProject
Project("{FAE04EC0-301F-11D3-BF4B-00C04F79EFBC}") = "Bad.WindowsFormsApp", "WindowsFormsApp\Bad.WindowsFormsApp.csproj", "{2310A45B-1547-4FDE-86AE-3F5DA291997C}"
EndProject
Project("{FAE04EC0-301F-11D3-BF4B-00C04F79EFBC}") = "Good.DataAccessLayer", "Good.DataAccessLayer\Good.DataAccessLayer.csproj", "{B40B81E2-2E31-4726-AB4C-67A913B01EE4}"
EndProject
Project("{FAE04EC0-301F-11D3-BF4B-00C04F79EFBC}") = "Good.BusinessLayer", "Good.BusinessLayer\Good.BusinessLayer.csproj", "{941FF41F-25E3-410D-9D21-EB80986EED23}"
EndProject
Project("{FAE04EC0-301F-11D3-BF4B-00C04F79EFBC}") = "Good.PresentationLayer", "Good.PresentationLayer\Good.PresentationLayer.csproj", "{E5E46F1F-8DEC-477B-8FEF-DFEF5FDE019D}"
EndProject
Project("{FAE04EC0-301F-11D3-BF4B-00C04F79EFBC}") = "Good.WindowsFormApp", "Good.WindowsFormApp\Good.WindowsFormApp.csproj", "{21A8A4E9-5A4B-4365-B990-7727B7D901A1}"
EndProject
Project("{FAE04EC0-301F-11D3-BF4B-00C04F79EFBC}") = "Good.PresentationInterfaces", "Good.PresentationInterfaces\Good.PresentationInterfaces.csproj", "{9FDDCF81-4189-4485-9119-C362BE6C3C1E}"
EndProject
Project("{FAE04EC0-301F-11D3-BF4B-00C04F79EFBC}") = "Good.Common", "Good.Common\Good.Common.csproj", "{54B1149C-585E-4FE1-8E28-15E123769792}"
EndProject
Project("{FAE04EC0-301F-11D3-BF4B-00C04F79EFBC}") = "Good.BusinessInterfaces", "Good.BusinessInterfaces\Good.BusinessInterfaces.csproj", "{CF3A8CB0-3566-40D2-A70A-F19ADD4A8A26}"
EndProject
Project("{FAE04EC0-301F-11D3-BF4B-00C04F79EFBC}") = "CreationInversion.Samples", "CreationInversion.Samples\CreationInversion.Samples.csproj", "{1A834914-5D20-4016-A29C-A0263D2C3831}"
EndProject
Project("{FAE04EC0-301F-11D3-BF4B-00C04F79EFBC}") = "StructureMap.WebApi", "StructureMap.WebApi\StructureMap.WebApi.csproj", "{5F1A20B1-9C78-455F-99C1-0AB49A263326}"
EndProject
Project("{FAE04EC0-301F-11D3-BF4B-00C04F79EFBC}") = "StructureMap.ServiceLocator", "StructureMap.ServiceLocator\StructureMap.ServiceLocator.csproj", "{17968C39-9017-4249-948C-DF3A434224FA}"
EndProject
Global
	GlobalSection(SolutionConfigurationPlatforms) = preSolution
		Debug|Any CPU = Debug|Any CPU
		Release|Any CPU = Release|Any CPU
	EndGlobalSection
	GlobalSection(ProjectConfigurationPlatforms) = postSolution
		{D5B282AA-203A-4A36-A138-3CD0F20C3A52}.Debug|Any CPU.ActiveCfg = Debug|Any CPU
		{D5B282AA-203A-4A36-A138-3CD0F20C3A52}.Debug|Any CPU.Build.0 = Debug|Any CPU
		{D5B282AA-203A-4A36-A138-3CD0F20C3A52}.Release|Any CPU.ActiveCfg = Release|Any CPU
		{D5B282AA-203A-4A36-A138-3CD0F20C3A52}.Release|Any CPU.Build.0 = Release|Any CPU
		{8CA456D6-FDFE-42D8-9139-78294EA8F413}.Debug|Any CPU.ActiveCfg = Debug|Any CPU
		{8CA456D6-FDFE-42D8-9139-78294EA8F413}.Debug|Any CPU.Build.0 = Debug|Any CPU
		{8CA456D6-FDFE-42D8-9139-78294EA8F413}.Release|Any CPU.ActiveCfg = Release|Any CPU
		{8CA456D6-FDFE-42D8-9139-78294EA8F413}.Release|Any CPU.Build.0 = Release|Any CPU
		{B0FC7C45-2E87-4BB6-8C9D-90DD085FE66D}.Debug|Any CPU.ActiveCfg = Debug|Any CPU
		{B0FC7C45-2E87-4BB6-8C9D-90DD085FE66D}.Debug|Any CPU.Build.0 = Debug|Any CPU
		{B0FC7C45-2E87-4BB6-8C9D-90DD085FE66D}.Release|Any CPU.ActiveCfg = Release|Any CPU
		{B0FC7C45-2E87-4BB6-8C9D-90DD085FE66D}.Release|Any CPU.Build.0 = Release|Any CPU
		{861B7F66-273C-4C07-A3BB-5826F5EBC6DC}.Debug|Any CPU.ActiveCfg = Debug|Any CPU
		{861B7F66-273C-4C07-A3BB-5826F5EBC6DC}.Debug|Any CPU.Build.0 = Debug|Any CPU
		{861B7F66-273C-4C07-A3BB-5826F5EBC6DC}.Release|Any CPU.ActiveCfg = Release|Any CPU
		{861B7F66-273C-4C07-A3BB-5826F5EBC6DC}.Release|Any CPU.Build.0 = Release|Any CPU
		{EFBFA134-D382-48BE-83FD-3539E04DF673}.Debug|Any CPU.ActiveCfg = Debug|Any CPU
		{EFBFA134-D382-48BE-83FD-3539E04DF673}.Debug|Any CPU.Build.0 = Debug|Any CPU
		{EFBFA134-D382-48BE-83FD-3539E04DF673}.Release|Any CPU.ActiveCfg = Release|Any CPU
		{EFBFA134-D382-48BE-83FD-3539E04DF673}.Release|Any CPU.Build.0 = Release|Any CPU
		{C0FF2FD5-E616-4D2B-AE0E-062DB50C9F39}.Debug|Any CPU.ActiveCfg = Debug|Any CPU
		{C0FF2FD5-E616-4D2B-AE0E-062DB50C9F39}.Debug|Any CPU.Build.0 = Debug|Any CPU
		{C0FF2FD5-E616-4D2B-AE0E-062DB50C9F39}.Release|Any CPU.ActiveCfg = Release|Any CPU
		{C0FF2FD5-E616-4D2B-AE0E-062DB50C9F39}.Release|Any CPU.Build.0 = Release|Any CPU
		{0DAFF212-0143-491F-927B-DFCCDE8EEFE3}.Debug|Any CPU.ActiveCfg = Debug|Any CPU
		{0DAFF212-0143-491F-927B-DFCCDE8EEFE3}.Debug|Any CPU.Build.0 = Debug|Any CPU
		{0DAFF212-0143-491F-927B-DFCCDE8EEFE3}.Release|Any CPU.ActiveCfg = Release|Any CPU
		{0DAFF212-0143-491F-927B-DFCCDE8EEFE3}.Release|Any CPU.Build.0 = Release|Any CPU
		{2310A45B-1547-4FDE-86AE-3F5DA291997C}.Debug|Any CPU.ActiveCfg = Debug|Any CPU
		{2310A45B-1547-4FDE-86AE-3F5DA291997C}.Debug|Any CPU.Build.0 = Debug|Any CPU
		{2310A45B-1547-4FDE-86AE-3F5DA291997C}.Release|Any CPU.ActiveCfg = Release|Any CPU
		{2310A45B-1547-4FDE-86AE-3F5DA291997C}.Release|Any CPU.Build.0 = Release|Any CPU
		{B40B81E2-2E31-4726-AB4C-67A913B01EE4}.Debug|Any CPU.ActiveCfg = Debug|Any CPU
		{B40B81E2-2E31-4726-AB4C-67A913B01EE4}.Debug|Any CPU.Build.0 = Debug|Any CPU
		{B40B81E2-2E31-4726-AB4C-67A913B01EE4}.Release|Any CPU.ActiveCfg = Release|Any CPU
		{B40B81E2-2E31-4726-AB4C-67A913B01EE4}.Release|Any CPU.Build.0 = Release|Any CPU
		{941FF41F-25E3-410D-9D21-EB80986EED23}.Debug|Any CPU.ActiveCfg = Debug|Any CPU
		{941FF41F-25E3-410D-9D21-EB80986EED23}.Debug|Any CPU.Build.0 = Debug|Any CPU
		{941FF41F-25E3-410D-9D21-EB80986EED23}.Release|Any CPU.ActiveCfg = Release|Any CPU
		{941FF41F-25E3-410D-9D21-EB80986EED23}.Release|Any CPU.Build.0 = Release|Any CPU
		{E5E46F1F-8DEC-477B-8FEF-DFEF5FDE019D}.Debug|Any CPU.ActiveCfg = Debug|Any CPU
		{E5E46F1F-8DEC-477B-8FEF-DFEF5FDE019D}.Debug|Any CPU.Build.0 = Debug|Any CPU
		{E5E46F1F-8DEC-477B-8FEF-DFEF5FDE019D}.Release|Any CPU.ActiveCfg = Release|Any CPU
		{E5E46F1F-8DEC-477B-8FEF-DFEF5FDE019D}.Release|Any CPU.Build.0 = Release|Any CPU
		{21A8A4E9-5A4B-4365-B990-7727B7D901A1}.Debug|Any CPU.ActiveCfg = Debug|Any CPU
		{21A8A4E9-5A4B-4365-B990-7727B7D901A1}.Debug|Any CPU.Build.0 = Debug|Any CPU
		{21A8A4E9-5A4B-4365-B990-7727B7D901A1}.Release|Any CPU.ActiveCfg = Release|Any CPU
		{21A8A4E9-5A4B-4365-B990-7727B7D901A1}.Release|Any CPU.Build.0 = Release|Any CPU
		{9FDDCF81-4189-4485-9119-C362BE6C3C1E}.Debug|Any CPU.ActiveCfg = Debug|Any CPU
		{9FDDCF81-4189-4485-9119-C362BE6C3C1E}.Debug|Any CPU.Build.0 = Debug|Any CPU
		{9FDDCF81-4189-4485-9119-C362BE6C3C1E}.Release|Any CPU.ActiveCfg = Release|Any CPU
		{9FDDCF81-4189-4485-9119-C362BE6C3C1E}.Release|Any CPU.Build.0 = Release|Any CPU
		{54B1149C-585E-4FE1-8E28-15E123769792}.Debug|Any CPU.ActiveCfg = Debug|Any CPU
		{54B1149C-585E-4FE1-8E28-15E123769792}.Debug|Any CPU.Build.0 = Debug|Any CPU
		{54B1149C-585E-4FE1-8E28-15E123769792}.Release|Any CPU.ActiveCfg = Release|Any CPU
		{54B1149C-585E-4FE1-8E28-15E123769792}.Release|Any CPU.Build.0 = Release|Any CPU
		{CF3A8CB0-3566-40D2-A70A-F19ADD4A8A26}.Debug|Any CPU.ActiveCfg = Debug|Any CPU
		{CF3A8CB0-3566-40D2-A70A-F19ADD4A8A26}.Debug|Any CPU.Build.0 = Debug|Any CPU
		{CF3A8CB0-3566-40D2-A70A-F19ADD4A8A26}.Release|Any CPU.ActiveCfg = Release|Any CPU
		{CF3A8CB0-3566-40D2-A70A-F19ADD4A8A26}.Release|Any CPU.Build.0 = Release|Any CPU
		{1A834914-5D20-4016-A29C-A0263D2C3831}.Debug|Any CPU.ActiveCfg = Debug|Any CPU
		{1A834914-5D20-4016-A29C-A0263D2C3831}.Debug|Any CPU.Build.0 = Debug|Any CPU
		{1A834914-5D20-4016-A29C-A0263D2C3831}.Release|Any CPU.ActiveCfg = Release|Any CPU
		{1A834914-5D20-4016-A29C-A0263D2C3831}.Release|Any CPU.Build.0 = Release|Any CPU
		{5F1A20B1-9C78-455F-99C1-0AB49A263326}.Debug|Any CPU.ActiveCfg = Debug|Any CPU
		{5F1A20B1-9C78-455F-99C1-0AB49A263326}.Debug|Any CPU.Build.0 = Debug|Any CPU
		{5F1A20B1-9C78-455F-99C1-0AB49A263326}.Release|Any CPU.ActiveCfg = Release|Any CPU
		{5F1A20B1-9C78-455F-99C1-0AB49A263326}.Release|Any CPU.Build.0 = Release|Any CPU
		{17968C39-9017-4249-948C-DF3A434224FA}.Debug|Any CPU.ActiveCfg = Debug|Any CPU
		{17968C39-9017-4249-948C-DF3A434224FA}.Debug|Any CPU.Build.0 = Debug|Any CPU
		{17968C39-9017-4249-948C-DF3A434224FA}.Release|Any CPU.ActiveCfg = Release|Any CPU
		{17968C39-9017-4249-948C-DF3A434224FA}.Release|Any CPU.Build.0 = Release|Any CPU
	EndGlobalSection
	GlobalSection(SolutionProperties) = preSolution
		HideSolutionNode = FALSE
	EndGlobalSection
	GlobalSection(NestedProjects) = preSolution
		{D5B282AA-203A-4A36-A138-3CD0F20C3A52} = {3E4E9745-AA82-4164-AD84-1DA26CA38270}
		{8CA456D6-FDFE-42D8-9139-78294EA8F413} = {3E4E9745-AA82-4164-AD84-1DA26CA38270}
		{B0FC7C45-2E87-4BB6-8C9D-90DD085FE66D} = {3E4E9745-AA82-4164-AD84-1DA26CA38270}
		{861B7F66-273C-4C07-A3BB-5826F5EBC6DC} = {258FA735-743E-4D28-8C7B-C9427E7FDA3A}
		{AF338BF3-FD07-4863-911A-E7A25F21300D} = {258FA735-743E-4D28-8C7B-C9427E7FDA3A}
		{EFBFA134-D382-48BE-83FD-3539E04DF673} = {AF338BF3-FD07-4863-911A-E7A25F21300D}
		{C0FF2FD5-E616-4D2B-AE0E-062DB50C9F39} = {AF338BF3-FD07-4863-911A-E7A25F21300D}
		{0DAFF212-0143-491F-927B-DFCCDE8EEFE3} = {AF338BF3-FD07-4863-911A-E7A25F21300D}
		{42F008C2-69FB-4176-8798-94414796E30D} = {A2732E63-C978-4F87-8F34-152681373967}
		{2310A45B-1547-4FDE-86AE-3F5DA291997C} = {AF338BF3-FD07-4863-911A-E7A25F21300D}
		{B40B81E2-2E31-4726-AB4C-67A913B01EE4} = {42F008C2-69FB-4176-8798-94414796E30D}
		{941FF41F-25E3-410D-9D21-EB80986EED23} = {42F008C2-69FB-4176-8798-94414796E30D}
		{E5E46F1F-8DEC-477B-8FEF-DFEF5FDE019D} = {42F008C2-69FB-4176-8798-94414796E30D}
		{21A8A4E9-5A4B-4365-B990-7727B7D901A1} = {42F008C2-69FB-4176-8798-94414796E30D}
		{9FDDCF81-4189-4485-9119-C362BE6C3C1E} = {42F008C2-69FB-4176-8798-94414796E30D}
		{54B1149C-585E-4FE1-8E28-15E123769792} = {42F008C2-69FB-4176-8798-94414796E30D}
		{CF3A8CB0-3566-40D2-A70A-F19ADD4A8A26} = {42F008C2-69FB-4176-8798-94414796E30D}
		{1A834914-5D20-4016-A29C-A0263D2C3831} = {A2732E63-C978-4F87-8F34-152681373967}
		{5F1A20B1-9C78-455F-99C1-0AB49A263326} = {3E4E9745-AA82-4164-AD84-1DA26CA38270}
		{17968C39-9017-4249-948C-DF3A434224FA} = {3E4E9745-AA82-4164-AD84-1DA26CA38270}
	EndGlobalSection
	GlobalSection(ExtensibilityGlobals) = postSolution
		SolutionGuid = {CC920536-3B83-4316-80F2-9420DF592967}
	EndGlobalSection
EndGlobal
